dependencies:
  espressif/cmake_utilities:
    component_hash: 351350613ceafba240b761b4ea991e0f231ac7a9f59a9ee901f751bddc0bb18f
    dependencies:
    - name: idf
      require: private
      version: '>=4.1'
    source:
      registry_url: https://components.espressif.com
      type: service
    version: 0.5.3
  espressif/esp32-camera:
    component_hash: c3eb05fbeeae884a23bed9b17d48d5f0da8872beadae0c0e747d2fbea6094f06
    dependencies: []
    source:
      registry_url: https://components.espressif.com
      type: service
    version: 2.0.15
  espressif/esp_codec_dev:
    component_hash: 18c22e1411224ba6103c4aca1b01bc740af33926756e9e106370a477d52bcba1
    dependencies:
    - name: idf
      require: private
      version: '>=4.0'
    source:
      registry_url: https://components.espressif.com
      type: service
    version: 1.3.4
  espressif/esp_lcd_ili9341:
    component_hash: 31f1b793aa2110dd2ae071c21ccbff0a4eb20d9a4ee40b6294c0dc0ad9552c4e
    dependencies:
    - name: idf
      require: private
      version: '>=4.4'
    - name: espressif/cmake_utilities
      registry_url: https://components.espressif.com
      require: private
      version: 0.*
    source:
      registry_url: https://components.espressif.com
      type: service
    version: 1.2.0
  espressif/esp_lcd_touch:
    component_hash: 779b4ba2464a3ae85681e4b860caa5fdc35801458c23f3039ee761bae7f442a4
    dependencies:
    - name: idf
      require: private
      version: '>=4.4.2'
    source:
      registry_url: https://components.espressif.com
      type: service
    version: 1.1.2
  espressif/esp_lcd_touch_ft5x06:
    component_hash: abaec05f46a793549b60afdda9eff86e3c8e87782c8c169007911232388d2858
    dependencies:
    - name: espressif/esp_lcd_touch
      registry_url: https://components.espressif.com
      require: public
      version: ^1.0.4
    - name: idf
      require: private
      version: '>=4.4.2'
    source:
      registry_url: https://components.espressif.com
      type: service
    version: 1.0.7
  espressif/esp_lvgl_port:
    component_hash: e720c95cf0667554a204591bb5fade4655fb2990465557041200fa44b5bc7556
    dependencies:
    - name: idf
      require: private
      version: '>=4.4'
    - name: lvgl/lvgl
      registry_url: https://components.espressif.com
      require: public
      version: '>=8,<10'
    source:
      registry_url: https://components.espressif.com
      type: service
    version: 2.6.0
  espressif/m5stack_core_s3:
    component_hash: 9901e94e54dcfa1081f84c50e113e5c25e5953d1fa4005eb127694d9072c1139
    dependencies:
    - name: espressif/esp32-camera
      registry_url: https://components.espressif.com
      require: public
      version: ^2.0.11
    - name: espressif/esp_codec_dev
      registry_url: https://components.espressif.com
      require: public
      version: ~1.3.1
    - name: espressif/esp_lcd_ili9341
      registry_url: https://components.espressif.com
      require: private
      version: ^1
    - name: espressif/esp_lcd_touch_ft5x06
      registry_url: https://components.espressif.com
      require: private
      version: ^1
    - name: espressif/esp_lvgl_port
      registry_url: https://components.espressif.com
      require: public
      version: ^2
    - name: idf
      require: private
      version: '>=5.4'
    source:
      registry_url: https://components.espressif.com/
      type: service
    targets:
    - esp32s3
    version: 3.0.0
  idf:
    source:
      type: idf
    version: 6.0.0
  lvgl/lvgl:
    component_hash: 096c69af22eaf8a2b721e3913da91918c5e6bf1a762a113ec01f401aa61337a0
    dependencies: []
    source:
      registry_url: https://components.espressif.com/
      type: service
    version: 9.2.2
direct_dependencies:
- espressif/m5stack_core_s3
- idf
- lvgl/lvgl
manifest_hash: 57a4c3acb4ae07a3af4bcf409752f5a32f80c5d59db3b17328b15a9aeecb4a4e
target: esp32s3
version: 2.0.0
